
Microsoft Visual Studio Solution File, Format Version 12.00
# Visual Studio 15
Project("{FAE04EC0-301F-11D3-BF4B-00C04F79EFBC}") = "SourceLinkEssentials.Android", "SourceLinkEssentials.Android\SourceLinkEssentials.Android.csproj", "{65FC3D17-3DE8-4A62-B3D2-5180600A9B23}"
EndProject
Project("{FAE04EC0-301F-11D3-BF4B-00C04F79EFBC}") = "SourceLinkEssentials.iOS", "SourceLinkEssentials.iOS\SourceLinkEssentials.iOS.csproj", "{E629583C-14C7-472A-9527-758DD50CD32C}"
EndProject
Project("{FAE04EC0-301F-11D3-BF4B-00C04F79EFBC}") = "SourceLinkEssentials", "SourceLinkEssentials\SourceLinkEssentials.csproj", "{7709CD47-AC4E-4251-A03D-95C07A8348B1}"
EndProject
Global
	GlobalSection(SolutionConfigurationPlatforms) = preSolution
		Debug|Any CPU = Debug|Any CPU
		Release|Any CPU = Release|Any CPU
		Debug|iPhoneSimulator = Debug|iPhoneSimulator
		Release|iPhoneSimulator = Release|iPhoneSimulator
		Debug|iPhone = Debug|iPhone
		Release|iPhone = Release|iPhone
	EndGlobalSection
	GlobalSection(ProjectConfigurationPlatforms) = postSolution
		{65FC3D17-3DE8-4A62-B3D2-5180600A9B23}.Debug|Any CPU.ActiveCfg = Debug|Any CPU
		{65FC3D17-3DE8-4A62-B3D2-5180600A9B23}.Debug|Any CPU.Build.0 = Debug|Any CPU
		{65FC3D17-3DE8-4A62-B3D2-5180600A9B23}.Release|Any CPU.ActiveCfg = Release|Any CPU
		{65FC3D17-3DE8-4A62-B3D2-5180600A9B23}.Release|Any CPU.Build.0 = Release|Any CPU
		{65FC3D17-3DE8-4A62-B3D2-5180600A9B23}.Debug|iPhoneSimulator.ActiveCfg = Debug|Any CPU
		{65FC3D17-3DE8-4A62-B3D2-5180600A9B23}.Debug|iPhoneSimulator.Build.0 = Debug|Any CPU
		{65FC3D17-3DE8-4A62-B3D2-5180600A9B23}.Release|iPhoneSimulator.ActiveCfg = Release|Any CPU
		{65FC3D17-3DE8-4A62-B3D2-5180600A9B23}.Release|iPhoneSimulator.Build.0 = Release|Any CPU
		{65FC3D17-3DE8-4A62-B3D2-5180600A9B23}.Debug|iPhone.ActiveCfg = Debug|Any CPU
		{65FC3D17-3DE8-4A62-B3D2-5180600A9B23}.Debug|iPhone.Build.0 = Debug|Any CPU
		{65FC3D17-3DE8-4A62-B3D2-5180600A9B23}.Release|iPhone.ActiveCfg = Release|Any CPU
		{65FC3D17-3DE8-4A62-B3D2-5180600A9B23}.Release|iPhone.Build.0 = Release|Any CPU
		{E629583C-14C7-472A-9527-758DD50CD32C}.Debug|Any CPU.ActiveCfg = Debug|iPhoneSimulator
		{E629583C-14C7-472A-9527-758DD50CD32C}.Debug|Any CPU.Build.0 = Debug|iPhoneSimulator
		{E629583C-14C7-472A-9527-758DD50CD32C}.Release|Any CPU.ActiveCfg = Release|iPhoneSimulator
		{E629583C-14C7-472A-9527-758DD50CD32C}.Release|Any CPU.Build.0 = Release|iPhoneSimulator
		{E629583C-14C7-472A-9527-758DD50CD32C}.Debug|iPhoneSimulator.ActiveCfg = Debug|iPhoneSimulator
		{E629583C-14C7-472A-9527-758DD50CD32C}.Debug|iPhoneSimulator.Build.0 = Debug|iPhoneSimulator
		{E629583C-14C7-472A-9527-758DD50CD32C}.Release|iPhoneSimulator.ActiveCfg = Release|iPhoneSimulator
		{E629583C-14C7-472A-9527-758DD50CD32C}.Release|iPhoneSimulator.Build.0 = Release|iPhoneSimulator
		{E629583C-14C7-472A-9527-758DD50CD32C}.Debug|iPhone.ActiveCfg = Debug|iPhone
		{E629583C-14C7-472A-9527-758DD50CD32C}.Debug|iPhone.Build.0 = Debug|iPhone
		{E629583C-14C7-472A-9527-758DD50CD32C}.Release|iPhone.ActiveCfg = Release|iPhone
		{E629583C-14C7-472A-9527-758DD50CD32C}.Release|iPhone.Build.0 = Release|iPhone
		{7709CD47-AC4E-4251-A03D-95C07A8348B1}.Debug|Any CPU.ActiveCfg = Debug|Any CPU
		{7709CD47-AC4E-4251-A03D-95C07A8348B1}.Debug|Any CPU.Build.0 = Debug|Any CPU
		{7709CD47-AC4E-4251-A03D-95C07A8348B1}.Release|Any CPU.ActiveCfg = Release|Any CPU
		{7709CD47-AC4E-4251-A03D-95C07A8348B1}.Release|Any CPU.Build.0 = Release|Any CPU
		{7709CD47-AC4E-4251-A03D-95C07A8348B1}.Debug|iPhoneSimulator.ActiveCfg = Debug|Any CPU
		{7709CD47-AC4E-4251-A03D-95C07A8348B1}.Debug|iPhoneSimulator.Build.0 = Debug|Any CPU
		{7709CD47-AC4E-4251-A03D-95C07A8348B1}.Release|iPhoneSimulator.ActiveCfg = Release|Any CPU
		{7709CD47-AC4E-4251-A03D-95C07A8348B1}.Release|iPhoneSimulator.Build.0 = Release|Any CPU
		{7709CD47-AC4E-4251-A03D-95C07A8348B1}.Debug|iPhone.ActiveCfg = Debug|Any CPU
		{7709CD47-AC4E-4251-A03D-95C07A8348B1}.Debug|iPhone.Build.0 = Debug|Any CPU
		{7709CD47-AC4E-4251-A03D-95C07A8348B1}.Release|iPhone.ActiveCfg = Release|Any CPU
		{7709CD47-AC4E-4251-A03D-95C07A8348B1}.Release|iPhone.Build.0 = Release|Any CPU
	EndGlobalSection
EndGlobal
